
Microsoft Visual Studio Solution File, Format Version 12.00
# Visual Studio Version 17
VisualStudioVersion = 17.11.35312.102
MinimumVisualStudioVersion = 10.0.40219.1
Project("{FAE04EC0-301F-11D3-BF4B-00C04F79EFBC}") = "activity3", "activity3\activity3.csproj", "{58BA89BF-AA78-4C00-A156-3B090B9244FC}"
EndProject
Global
	GlobalSection(SolutionConfigurationPlatforms) = preSolution
		Debug|Any CPU = Debug|Any CPU
		Release|Any CPU = Release|Any CPU
	EndGlobalSection
	GlobalSection(ProjectConfigurationPlatforms) = postSolution
		{58BA89BF-AA78-4C00-A156-3B090B9244FC}.Debug|Any CPU.ActiveCfg = Debug|Any CPU
		{58BA89BF-AA78-4C00-A156-3B090B9244FC}.Debug|Any CPU.Build.0 = Debug|Any CPU
		{58BA89BF-AA78-4C00-A156-3B090B9244FC}.Release|Any CPU.ActiveCfg = Release|Any CPU
		{58BA89BF-AA78-4C00-A156-3B090B9244FC}.Release|Any CPU.Build.0 = Release|Any CPU
	EndGlobalSection
	GlobalSection(SolutionProperties) = preSolution
		HideSolutionNode = FALSE
	EndGlobalSection
	GlobalSection(ExtensibilityGlobals) = postSolution
		SolutionGuid = {591CA49B-4381-46B7-8A9C-1C7AC0153460}
	EndGlobalSection
EndGlobal
